{
  "name": "awsdefinition",
  "version": "1.0.0",
  "lockfileVersion": 1,
  "requires": true,
  "dependencies": {
    "aws-cli-js": {
      "version": "2.0.2",
      "resolved": "https://artifactory.aws.athenahealth.com:443/api/npm/npm/aws-cli-js/-/aws-cli-js-2.0.2.tgz",
      "integrity": "sha1-9pLjG/wGzn8xhMKN/PYJPlO9o4A=",
      "requires": {
        "core-js": "2.5.4",
        "lodash": "4.17.5",
        "nodeify-ts": "1.0.1"
      }
    },
    "core-js": {
      "version": "2.5.4",
      "resolved": "https://artifactory.aws.athenahealth.com:443/api/npm/npm/core-js/-/core-js-2.5.4.tgz",
      "integrity": "sha1-8si/GB8qgLkvNgEhQpzmOi8K6uA="
    },
    "lodash": {
      "version": "4.17.5",
      "resolved": "https://artifactory.aws.athenahealth.com:443/api/npm/npm/lodash/-/lodash-4.17.5.tgz",
      "integrity": "sha1-maktZcAnLevoyWtgV7yPv6O+1RE="
    },
    "nodeify-ts": {
      "version": "1.0.1",
      "resolved": "https://artifactory.aws.athenahealth.com:443/api/npm/npm/nodeify-ts/-/nodeify-ts-1.0.1.tgz",
      "integrity": "sha1-ZoSE20UqImc7Bw55fwRFgVVCAag=",
      "requires": {
        "core-js": "2.5.4"
      }
    }
  }
}
